// !$*UTF8*$!
{
	archiveVersion = 1;
	classes = {
	};
	objectVersion = 50;
	objects = {

/* Begin PBXBuildFile section */
		C900301B25AFA6E00039CD7F /* TitleTextView.swift in Sources */ = {isa = PBXBuildFile; fileRef = C900301A25AFA6E00039CD7F /* TitleTextView.swift */; };
		C9B61C24259C2AC700E1C9DF /* StatsforGitHubApp.swift in Sources */ = {isa = PBXBuildFile; fileRef = C9B61C23259C2AC700E1C9DF /* StatsforGitHubApp.swift */; };
		C9B61C26259C2AC700E1C9DF /* ContentView.swift in Sources */ = {isa = PBXBuildFile; fileRef = C9B61C25259C2AC700E1C9DF /* ContentView.swift */; };
		C9B61C28259C2AC800E1C9DF /* Assets.xcassets in Resources */ = {isa = PBXBuildFile; fileRef = C9B61C27259C2AC800E1C9DF /* Assets.xcassets */; };
		C9B61C2B259C2AC800E1C9DF /* Preview Assets.xcassets in Resources */ = {isa = PBXBuildFile; fileRef = C9B61C2A259C2AC800E1C9DF /* Preview Assets.xcassets */; };
/* End PBXBuildFile section */

/* Begin PBXFileReference section */
		C900301A25AFA6E00039CD7F /* TitleTextView.swift */ = {isa = PBXFileReference; lastKnownFileType = sourcecode.swift; path = TitleTextView.swift; sourceTree = "<group>"; };
		C9B61C20259C2AC700E1C9DF /* Stats for GitHub.app */ = {isa = PBXFileReference; explicitFileType = wrapper.application; includeInIndex = 0; path = "Stats for GitHub.app"; sourceTree = BUILT_PRODUCTS_DIR; };
		C9B61C23259C2AC700E1C9DF /* StatsforGitHubApp.swift */ = {isa = PBXFileReference; lastKnownFileType = sourcecode.swift; path = StatsforGitHubApp.swift; sourceTree = "<group>"; };
		C9B61C25259C2AC700E1C9DF /* ContentView.swift */ = {isa = PBXFileReference; lastKnownFileType = sourcecode.swift; path = ContentView.swift; sourceTree = "<group>"; };
		C9B61C27259C2AC800E1C9DF /* Assets.xcassets */ = {isa = PBXFileReference; lastKnownFileType = folder.assetcatalog; path = Assets.xcassets; sourceTree = "<group>"; };
		C9B61C2A259C2AC800E1C9DF /* Preview Assets.xcassets */ = {isa = PBXFileReference; lastKnownFileType = folder.assetcatalog; path = "Preview Assets.xcassets"; sourceTree = "<group>"; };
		C9B61C2C259C2AC800E1C9DF /* Info.plist */ = {isa = PBXFileReference; lastKnownFileType = text.plist.xml; path = Info.plist; sourceTree = "<group>"; };
/* End PBXFileReference section */

/* Begin PBXFrameworksBuildPhase section */
		C9B61C1D259C2AC700E1C9DF /* Frameworks */ = {
			isa = PBXFrameworksBuildPhase;
			buildActionMask = 2147483647;
			files = (
			);
			runOnlyForDeploymentPostprocessing = 0;
		};
/* End PBXFrameworksBuildPhase section */

/* Begin PBXGroup section */
		C900301825AFA6AD0039CD7F /* Views */ = {
			isa = PBXGroup;
			children = (
				C900301925AFA6B40039CD7F /* Text */,
			);
			path = Views;
			sourceTree = "<group>";
		};
		C900301925AFA6B40039CD7F /* Text */ = {
			isa = PBXGroup;
			children = (
				C900301A25AFA6E00039CD7F /* TitleTextView.swift */,
			);
			path = Text;
			sourceTree = "<group>";
		};
		C9B61C17259C2AC700E1C9DF = {
			isa = PBXGroup;
			children = (
				C9B61C22259C2AC700E1C9DF /* Stats for GitHub */,
				C9B61C21259C2AC700E1C9DF /* Products */,
			);
			sourceTree = "<group>";
		};
		C9B61C21259C2AC700E1C9DF /* Products */ = {
			isa = PBXGroup;
			children = (
				C9B61C20259C2AC700E1C9DF /* Stats for GitHub.app */,
			);
			name = Products;
			sourceTree = "<group>";
		};
		C9B61C22259C2AC700E1C9DF /* Stats for GitHub */ = {
			isa = PBXGroup;
			children = (
				C900301825AFA6AD0039CD7F /* Views */,
				C9B61C23259C2AC700E1C9DF /* StatsforGitHubApp.swift */,
				C9B61C25259C2AC700E1C9DF /* ContentView.swift */,
				C9B61C27259C2AC800E1C9DF /* Assets.xcassets */,
				C9B61C2C259C2AC800E1C9DF /* Info.plist */,
				C9B61C29259C2AC800E1C9DF /* Preview Content */,
			);
			path = "Stats for GitHub";
			sourceTree = "<group>";
		};
		C9B61C29259C2AC800E1C9DF /* Preview Content */ = {
			isa = PBXGroup;
			children = (
				C9B61C2A259C2AC800E1C9DF /* Preview Assets.xcassets */,
			);
			path = "Preview Content";
			sourceTree = "<group>";
		};
/* End PBXGroup section */

/* Begin PBXNativeTarget section */
		C9B61C1F259C2AC700E1C9DF /* Stats for GitHub */ = {
			isa = PBXNativeTarget;
			buildConfigurationList = C9B61C2F259C2AC800E1C9DF /* Build configuration list for PBXNativeTarget "Stats for GitHub" */;
			buildPhases = (
				C9B61C1C259C2AC700E1C9DF /* Sources */,
				C9B61C1D259C2AC700E1C9DF /* Frameworks */,
				C9B61C1E259C2AC700E1C9DF /* Resources */,
			);
			buildRules = (
			);
			dependencies = (
			);
			name = "Stats for GitHub";
			productName = "Stats for GitHub";
			productReference = C9B61C20259C2AC700E1C9DF /* Stats for GitHub.app */;
			productType = "com.apple.product-type.application";
		};
/* End PBXNativeTarget section */

/* Begin PBXProject section */
		C9B61C18259C2AC700E1C9DF /* Project object */ = {
			isa = PBXProject;
			attributes = {
				LastSwiftUpdateCheck = 1230;
				LastUpgradeCheck = 1230;
				TargetAttributes = {
					C9B61C1F259C2AC700E1C9DF = {
						CreatedOnToolsVersion = 12.3;
					};
				};
			};
			buildConfigurationList = C9B61C1B259C2AC700E1C9DF /* Build configuration list for PBXProject "Stats for GitHub" */;
			compatibilityVersion = "Xcode 9.3";
			developmentRegion = en;
			hasScannedForEncodings = 0;
			knownRegions = (
				en,
				Base,
			);
			mainGroup = C9B61C17259C2AC700E1C9DF;
			productRefGroup = C9B61C21259C2AC700E1C9DF /* Products */;
			projectDirPath = "";
			projectRoot = "";
			targets = (
				C9B61C1F259C2AC700E1C9DF /* Stats for GitHub */,
			);
		};
/* End PBXProject section */

/* Begin PBXResourcesBuildPhase section */
		C9B61C1E259C2AC700E1C9DF /* Resources */ = {
			isa = PBXResourcesBuildPhase;
			buildActionMask = 2147483647;
			files = (
				C9B61C2B259C2AC800E1C9DF /* Preview Assets.xcassets in Resources */,
				C9B61C28259C2AC800E1C9DF /* Assets.xcassets in Resources */,
			);
			runOnlyForDeploymentPostprocessing = 0;
		};
/* End PBXResourcesBuildPhase section */

/* Begin PBXSourcesBuildPhase section */
		C9B61C1C259C2AC700E1C9DF /* Sources */ = {
			isa = PBXSourcesBuildPhase;
			buildActionMask = 2147483647;
			files = (
				C9B61C26259C2AC700E1C9DF /* ContentView.swift in Sources */,
				C9B61C24259C2AC700E1C9DF /* StatsforGitHubApp.swift in Sources */,
				C900301B25AFA6E00039CD7F /* TitleTextView.swift in Sources */,
			);
			runOnlyForDeploymentPostprocessing = 0;
		};
/* End PBXSourcesBuildPhase section */

/* Begin XCBuildConfiguration section */
		C9B61C2D259C2AC800E1C9DF /* Debug */ = {
			isa = XCBuildConfiguration;
			buildSettings = {
				ALWAYS_SEARCH_USER_PATHS = NO;
				CLANG_ANALYZER_NONNULL = YES;
				CLANG_ANALYZER_NUMBER_OBJECT_CONVERSION = YES_AGGRESSIVE;
				CLANG_CXX_LANGUAGE_STANDARD = "gnu++14";
				CLANG_CXX_LIBRARY = "libc++";
				CLANG_ENABLE_MODULES = YES;
				CLANG_ENABLE_OBJC_ARC = YES;
				CLANG_ENABLE_OBJC_WEAK = YES;
				CLANG_WARN_BLOCK_CAPTURE_AUTORELEASING = YES;
				CLANG_WARN_BOOL_CONVERSION = YES;
				CLANG_WARN_COMMA = YES;
				CLANG_WARN_CONSTANT_CONVERSION = YES;
				CLANG_WARN_DEPRECATED_OBJC_IMPLEMENTATIONS = YES;
				CLANG_WARN_DIRECT_OBJC_ISA_USAGE = YES_ERROR;
				CLANG_WARN_DOCUMENTATION_COMMENTS = YES;
				CLANG_WARN_EMPTY_BODY = YES;
				CLANG_WARN_ENUM_CONVERSION = YES;
				CLANG_WARN_INFINITE_RECURSION = YES;
				CLANG_WARN_INT_CONVERSION = YES;
				CLANG_WARN_NON_LITERAL_NULL_CONVERSION = YES;
				CLANG_WARN_OBJC_IMPLICIT_RETAIN_SELF = YES;
				CLANG_WARN_OBJC_LITERAL_CONVERSION = YES;
				CLANG_WARN_OBJC_ROOT_CLASS = YES_ERROR;
				CLANG_WARN_QUOTED_INCLUDE_IN_FRAMEWORK_HEADER = YES;
				CLANG_WARN_RANGE_LOOP_ANALYSIS = YES;
				CLANG_WARN_STRICT_PROTOTYPES = YES;
				CLANG_WARN_SUSPICIOUS_MOVE = YES;
				CLANG_WARN_UNGUARDED_AVAILABILITY = YES_AGGRESSIVE;
				CLANG_WARN_UNREACHABLE_CODE = YES;
				CLANG_WARN__DUPLICATE_METHOD_MATCH = YES;
				COPY_PHASE_STRIP = NO;
				DEBUG_INFORMATION_FORMAT = dwarf;
				ENABLE_STRICT_OBJC_MSGSEND = YES;
				ENABLE_TESTABILITY = YES;
				GCC_C_LANGUAGE_STANDARD = gnu11;
				GCC_DYNAMIC_NO_PIC = NO;
				GCC_NO_COMMON_BLOCKS = YES;
				GCC_OPTIMIZATION_LEVEL = 0;
				GCC_PREPROCESSOR_DEFINITIONS = (
					"DEBUG=1",
					"$(inherited)",
				);
				GCC_WARN_64_TO_32_BIT_CONVERSION = YES;
				GCC_WARN_ABOUT_RETURN_TYPE = YES_ERROR;
				GCC_WARN_UNDECLARED_SELECTOR = YES;
				GCC_WARN_UNINITIALIZED_AUTOS = YES_AGGRESSIVE;
				GCC_WARN_UNUSED_FUNCTION = YES;
				GCC_WARN_UNUSED_VARIABLE = YES;
				IPHONEOS_DEPLOYMENT_TARGET = 14.3;
				MTL_ENABLE_DEBUG_INFO = INCLUDE_SOURCE;
				MTL_FAST_MATH = YES;
				ONLY_ACTIVE_ARCH = YES;
				SDKROOT = iphoneos;
				SWIFT_ACTIVE_COMPILATION_CONDITIONS = DEBUG;
				SWIFT_OPTIMIZATION_LEVEL = "-Onone";
			};
			name = Debug;
		};
		C9B61C2E259C2AC800E1C9DF /* Release */ = {
			isa = XCBuildConfiguration;
			buildSettings = {
				ALWAYS_SEARCH_USER_PATHS = NO;
				CLANG_ANALYZER_NONNULL = YES;
				CLANG_ANALYZER_NUMBER_OBJECT_CONVERSION = YES_AGGRESSIVE;
				CLANG_CXX_LANGUAGE_STANDARD = "gnu++14";
				CLANG_CXX_LIBRARY = "libc++";
				CLANG_ENABLE_MODULES = YES;
				CLANG_ENABLE_OBJC_ARC = YES;
				CLANG_ENABLE_OBJC_WEAK = YES;
				CLANG_WARN_BLOCK_CAPTURE_AUTORELEASING = YES;
				CLANG_WARN_BOOL_CONVERSION = YES;
				CLANG_WARN_COMMA = YES;
				CLANG_WARN_CONSTANT_CONVERSION = YES;
				CLANG_WARN_DEPRECATED_OBJC_IMPLEMENTATIONS = YES;
				CLANG_WARN_DIRECT_OBJC_ISA_USAGE = YES_ERROR;
				CLANG_WARN_DOCUMENTATION_COMMENTS = YES;
				CLANG_WARN_EMPTY_BODY = YES;
				CLANG_WARN_ENUM_CONVERSION = YES;
				CLANG_WARN_INFINITE_RECURSION = YES;
				CLANG_WARN_INT_CONVERSION = YES;
				CLANG_WARN_NON_LITERAL_NULL_CONVERSION = YES;
				CLANG_WARN_OBJC_IMPLICIT_RETAIN_SELF = YES;
				CLANG_WARN_OBJC_LITERAL_CONVERSION = YES;
				CLANG_WARN_OBJC_ROOT_CLASS = YES_ERROR;
				CLANG_WARN_QUOTED_INCLUDE_IN_FRAMEWORK_HEADER = YES;
				CLANG_WARN_RANGE_LOOP_ANALYSIS = YES;
				CLANG_WARN_STRICT_PROTOTYPES = YES;
				CLANG_WARN_SUSPICIOUS_MOVE = YES;
				CLANG_WARN_UNGUARDED_AVAILABILITY = YES_AGGRESSIVE;
				CLANG_WARN_UNREACHABLE_CODE = YES;
				CLANG_WARN__DUPLICATE_METHOD_MATCH = YES;
				COPY_PHASE_STRIP = NO;
				DEBUG_INFORMATION_FORMAT = "dwarf-with-dsym";
				ENABLE_NS_ASSERTIONS = NO;
				ENABLE_STRICT_OBJC_MSGSEND = YES;
				GCC_C_LANGUAGE_STANDARD = gnu11;
				GCC_NO_COMMON_BLOCKS = YES;
				GCC_WARN_64_TO_32_BIT_CONVERSION = YES;
				GCC_WARN_ABOUT_RETURN_TYPE = YES_ERROR;
				GCC_WARN_UNDECLARED_SELECTOR = YES;
				GCC_WARN_UNINITIALIZED_AUTOS = YES_AGGRESSIVE;
				GCC_WARN_UNUSED_FUNCTION = YES;
				GCC_WARN_UNUSED_VARIABLE = YES;
				IPHONEOS_DEPLOYMENT_TARGET = 14.3;
				MTL_ENABLE_DEBUG_INFO = NO;
				MTL_FAST_MATH = YES;
				SDKROOT = iphoneos;
				SWIFT_COMPILATION_MODE = wholemodule;
				SWIFT_OPTIMIZATION_LEVEL = "-O";
				VALIDATE_PRODUCT = YES;
			};
			name = Release;
		};
		C9B61C30259C2AC800E1C9DF /* Debug */ = {
			isa = XCBuildConfiguration;
			buildSettings = {
				ASSETCATALOG_COMPILER_APPICON_NAME = AppIcon;
				ASSETCATALOG_COMPILER_GLOBAL_ACCENT_COLOR_NAME = AccentColor;
				CODE_SIGN_STYLE = Automatic;
				DEVELOPMENT_ASSET_PATHS = "\"Stats for GitHub/Preview Content\"";
				ENABLE_PREVIEWS = YES;
				INFOPLIST_FILE = "Stats for GitHub/Info.plist";
				IPHONEOS_DEPLOYMENT_TARGET = 14.0;
				LD_RUNPATH_SEARCH_PATHS = (
					"$(inherited)",
					"@executable_path/Frameworks",
				);
				PRODUCT_BUNDLE_IDENTIFIER = "com.magnesiumsoftware.Stats-for-GitHub";
				PRODUCT_NAME = "$(TARGET_NAME)";
				SWIFT_VERSION = 5.0;
				TARGETED_DEVICE_FAMILY = "1,2";
			};
			name = Debug;
		};
		C9B61C31259C2AC800E1C9DF /* Release */ = {
			isa = XCBuildConfiguration;
			buildSettings = {
				ASSETCATALOG_COMPILER_APPICON_NAME = AppIcon;
				ASSETCATALOG_COMPILER_GLOBAL_ACCENT_COLOR_NAME = AccentColor;
				CODE_SIGN_STYLE = Automatic;
				DEVELOPMENT_ASSET_PATHS = "\"Stats for GitHub/Preview Content\"";
				ENABLE_PREVIEWS = YES;
				INFOPLIST_FILE = "Stats for GitHub/Info.plist";
				IPHONEOS_DEPLOYMENT_TARGET = 14.0;
				LD_RUNPATH_SEARCH_PATHS = (
					"$(inherited)",
					"@executable_path/Frameworks",
				);
				PRODUCT_BUNDLE_IDENTIFIER = "com.magnesiumsoftware.Stats-for-GitHub";
				PRODUCT_NAME = "$(TARGET_NAME)";
				SWIFT_VERSION = 5.0;
				TARGETED_DEVICE_FAMILY = "1,2";
			};
			name = Release;
		};
/* End XCBuildConfiguration section */

/* Begin XCConfigurationList section */
		C9B61C1B259C2AC700E1C9DF /* Build configuration list for PBXProject "Stats for GitHub" */ = {
			isa = XCConfigurationList;
			buildConfigurations = (
				C9B61C2D259C2AC800E1C9DF /* Debug */,
				C9B61C2E259C2AC800E1C9DF /* Release */,
			);
			defaultConfigurationIsVisible = 0;
			defaultConfigurationName = Release;
		};
		C9B61C2F259C2AC800E1C9DF /* Build configuration list for PBXNativeTarget "Stats for GitHub" */ = {
			isa = XCConfigurationList;
			buildConfigurations = (
				C9B61C30259C2AC800E1C9DF /* Debug */,
				C9B61C31259C2AC800E1C9DF /* Release */,
			);
			defaultConfigurationIsVisible = 0;
			defaultConfigurationName = Release;
		};
/* End XCConfigurationList section */
	};
	rootObject = C9B61C18259C2AC700E1C9DF /* Project object */;
}
